
Microsoft Visual Studio Solution File, Format Version 12.00
Project("{FAE04EC0-301F-11D3-BF4B-00C04F79EFBC}") = "DataLayer", "DataLayer\DataLayer.csproj", "{B9D0DEA3-FDAF-4D23-8926-0E0DFAD516B2}"
EndProject
Project("{FAE04EC0-301F-11D3-BF4B-00C04F79EFBC}") = "Infrastructure", "Infrastructure\Infrastructure.csproj", "{5EDC02FE-77D3-4962-97FE-D7B63C6C27E5}"
EndProject
Global
	GlobalSection(SolutionConfigurationPlatforms) = preSolution
		Debug|Any CPU = Debug|Any CPU
		Release|Any CPU = Release|Any CPU
	EndGlobalSection
	GlobalSection(ProjectConfigurationPlatforms) = postSolution
		{B9D0DEA3-FDAF-4D23-8926-0E0DFAD516B2}.Debug|Any CPU.ActiveCfg = Debug|Any CPU
		{B9D0DEA3-FDAF-4D23-8926-0E0DFAD516B2}.Debug|Any CPU.Build.0 = Debug|Any CPU
		{B9D0DEA3-FDAF-4D23-8926-0E0DFAD516B2}.Release|Any CPU.ActiveCfg = Release|Any CPU
		{B9D0DEA3-FDAF-4D23-8926-0E0DFAD516B2}.Release|Any CPU.Build.0 = Release|Any CPU
		{5EDC02FE-77D3-4962-97FE-D7B63C6C27E5}.Debug|Any CPU.ActiveCfg = Debug|Any CPU
		{5EDC02FE-77D3-4962-97FE-D7B63C6C27E5}.Debug|Any CPU.Build.0 = Debug|Any CPU
		{5EDC02FE-77D3-4962-97FE-D7B63C6C27E5}.Release|Any CPU.ActiveCfg = Release|Any CPU
		{5EDC02FE-77D3-4962-97FE-D7B63C6C27E5}.Release|Any CPU.Build.0 = Release|Any CPU
	EndGlobalSection
EndGlobal
